
Microsoft Visual Studio Solution File, Format Version 12.00
# Visual Studio Version 16
VisualStudioVersion = 16.0.30717.126
MinimumVisualStudioVersion = 10.0.40219.1
Project("{FAE04EC0-301F-11D3-BF4B-00C04F79EFBC}") = "Logins", "Logins\Logins.csproj", "{590D550F-CDE6-4FE3-AFE1-73BA10741062}"
EndProject
Global
	GlobalSection(SolutionConfigurationPlatforms) = preSolution
		Debug|Any CPU = Debug|Any CPU
		Release|Any CPU = Release|Any CPU
	EndGlobalSection
	GlobalSection(ProjectConfigurationPlatforms) = postSolution
		{590D550F-CDE6-4FE3-AFE1-73BA10741062}.Debug|Any CPU.ActiveCfg = Debug|Any CPU
		{590D550F-CDE6-4FE3-AFE1-73BA10741062}.Debug|Any CPU.Build.0 = Debug|Any CPU
		{590D550F-CDE6-4FE3-AFE1-73BA10741062}.Release|Any CPU.ActiveCfg = Release|Any CPU
		{590D550F-CDE6-4FE3-AFE1-73BA10741062}.Release|Any CPU.Build.0 = Release|Any CPU
	EndGlobalSection
	GlobalSection(SolutionProperties) = preSolution
		HideSolutionNode = FALSE
	EndGlobalSection
	GlobalSection(ExtensibilityGlobals) = postSolution
		SolutionGuid = {E215E7A8-F985-4D8F-8713-24D416653D21}
	EndGlobalSection
EndGlobal
